
Microsoft Visual Studio Solution File, Format Version 12.00
# Visual Studio 14
VisualStudioVersion = 14.0.25420.1
MinimumVisualStudioVersion = 10.0.40219.1
Project("{FAE04EC0-301F-11D3-BF4B-00C04F79EFBC}") = "BrainfuckIntLib", "BrainfuckInt\BrainfuckIntLib.csproj", "{6B19AB15-70B8-450F-A97B-CF885FA2722F}"
EndProject
Project("{FAE04EC0-301F-11D3-BF4B-00C04F79EFBC}") = "BrainfuckIntVM", "BrainfuckIntVM\BrainfuckIntVM.csproj", "{338872A6-7BB0-49C4-B6D3-63629FB03F6C}"
EndProject
Project("{FAE04EC0-301F-11D3-BF4B-00C04F79EFBC}") = "BrainfuckSandbox", "BrainfuckSandbox\BrainfuckSandbox.csproj", "{1CEC0AB3-1760-4A5F-81CA-5D07DEFF0135}"
EndProject
Global
	GlobalSection(SolutionConfigurationPlatforms) = preSolution
		Debug|Any CPU = Debug|Any CPU
		Release|Any CPU = Release|Any CPU
	EndGlobalSection
	GlobalSection(ProjectConfigurationPlatforms) = postSolution
		{6B19AB15-70B8-450F-A97B-CF885FA2722F}.Debug|Any CPU.ActiveCfg = Debug|Any CPU
		{6B19AB15-70B8-450F-A97B-CF885FA2722F}.Debug|Any CPU.Build.0 = Debug|Any CPU
		{6B19AB15-70B8-450F-A97B-CF885FA2722F}.Release|Any CPU.ActiveCfg = Release|Any CPU
		{6B19AB15-70B8-450F-A97B-CF885FA2722F}.Release|Any CPU.Build.0 = Release|Any CPU
		{338872A6-7BB0-49C4-B6D3-63629FB03F6C}.Debug|Any CPU.ActiveCfg = Debug|Any CPU
		{338872A6-7BB0-49C4-B6D3-63629FB03F6C}.Debug|Any CPU.Build.0 = Debug|Any CPU
		{338872A6-7BB0-49C4-B6D3-63629FB03F6C}.Release|Any CPU.ActiveCfg = Release|Any CPU
		{338872A6-7BB0-49C4-B6D3-63629FB03F6C}.Release|Any CPU.Build.0 = Release|Any CPU
		{1CEC0AB3-1760-4A5F-81CA-5D07DEFF0135}.Debug|Any CPU.ActiveCfg = Debug|Any CPU
		{1CEC0AB3-1760-4A5F-81CA-5D07DEFF0135}.Debug|Any CPU.Build.0 = Debug|Any CPU
		{1CEC0AB3-1760-4A5F-81CA-5D07DEFF0135}.Release|Any CPU.ActiveCfg = Release|Any CPU
		{1CEC0AB3-1760-4A5F-81CA-5D07DEFF0135}.Release|Any CPU.Build.0 = Release|Any CPU
	EndGlobalSection
	GlobalSection(SolutionProperties) = preSolution
		HideSolutionNode = FALSE
	EndGlobalSection
EndGlobal
